
Microsoft Visual Studio Solution File, Format Version 12.00
# Visual Studio Version 16
VisualStudioVersion = 16.0.33801.447
MinimumVisualStudioVersion = 10.0.40219.1
Project("{FAE04EC0-301F-11D3-BF4B-00C04F79EFBC}") = "Section_8_Working_With_Text", "Section_8_Working_With_Text.csproj", "{B3F1FAA3-6514-4F95-A3C4-7A6B16208760}"
EndProject
Global
	GlobalSection(SolutionConfigurationPlatforms) = preSolution
		Debug|Any CPU = Debug|Any CPU
		Release|Any CPU = Release|Any CPU
	EndGlobalSection
	GlobalSection(ProjectConfigurationPlatforms) = postSolution
		{B3F1FAA3-6514-4F95-A3C4-7A6B16208760}.Debug|Any CPU.ActiveCfg = Debug|Any CPU
		{B3F1FAA3-6514-4F95-A3C4-7A6B16208760}.Debug|Any CPU.Build.0 = Debug|Any CPU
		{B3F1FAA3-6514-4F95-A3C4-7A6B16208760}.Release|Any CPU.ActiveCfg = Release|Any CPU
		{B3F1FAA3-6514-4F95-A3C4-7A6B16208760}.Release|Any CPU.Build.0 = Release|Any CPU
	EndGlobalSection
	GlobalSection(SolutionProperties) = preSolution
		HideSolutionNode = FALSE
	EndGlobalSection
	GlobalSection(ExtensibilityGlobals) = postSolution
		SolutionGuid = {F341F9E8-7BC9-4C27-8CAB-A2E415F07BAF}
	EndGlobalSection
EndGlobal
